// !$*UTF8*$!
{
	archiveVersion = 1;
	classes = {
	};
	objectVersion = 46;
	objects = {

/* Begin PBXBuildFile section */
		7945359D1B03C31700651F57 /* BBFrameworks.h in Headers */ = {isa = PBXBuildFile; fileRef = 7945359C1B03C31700651F57 /* BBFrameworks.h */; settings = {ATTRIBUTES = (Public, ); }; };
		794535BC1B03C32800651F57 /* main.m in Sources */ = {isa = PBXBuildFile; fileRef = 794535BB1B03C32800651F57 /* main.m */; };
		794535BF1B03C32800651F57 /* AppDelegate.m in Sources */ = {isa = PBXBuildFile; fileRef = 794535BE1B03C32800651F57 /* AppDelegate.m */; };
		794535C21B03C32800651F57 /* ViewController.m in Sources */ = {isa = PBXBuildFile; fileRef = 794535C11B03C32800651F57 /* ViewController.m */; };
		794535C51B03C32800651F57 /* Main.storyboard in Resources */ = {isa = PBXBuildFile; fileRef = 794535C31B03C32800651F57 /* Main.storyboard */; };
		794535C71B03C32800651F57 /* Images.xcassets in Resources */ = {isa = PBXBuildFile; fileRef = 794535C61B03C32800651F57 /* Images.xcassets */; };
		794535CA1B03C32800651F57 /* LaunchScreen.xib in Resources */ = {isa = PBXBuildFile; fileRef = 794535C81B03C32800651F57 /* LaunchScreen.xib */; };
		794535E71B03C33200651F57 /* AppDelegate.m in Sources */ = {isa = PBXBuildFile; fileRef = 794535E61B03C33200651F57 /* AppDelegate.m */; };
		794535E91B03C33200651F57 /* main.m in Sources */ = {isa = PBXBuildFile; fileRef = 794535E81B03C33200651F57 /* main.m */; };
		794535EB1B03C33200651F57 /* Images.xcassets in Resources */ = {isa = PBXBuildFile; fileRef = 794535EA1B03C33200651F57 /* Images.xcassets */; };
		794535EE1B03C33200651F57 /* MainMenu.xib in Resources */ = {isa = PBXBuildFile; fileRef = 794535EC1B03C33200651F57 /* MainMenu.xib */; };
		794536081B03C37000651F57 /* BBFoundation.h in Headers */ = {isa = PBXBuildFile; fileRef = 794536071B03C37000651F57 /* BBFoundation.h */; settings = {ATTRIBUTES = (Public, ); }; };
		7945360A1B03C5B400651F57 /* BBFoundationDebugging.h in Headers */ = {isa = PBXBuildFile; fileRef = 794536091B03C5B400651F57 /* BBFoundationDebugging.h */; settings = {ATTRIBUTES = (Public, ); }; };
		7945360D1B03C5F600651F57 /* NSFileManager+BBFoundationExtensions.h in Headers */ = {isa = PBXBuildFile; fileRef = 7945360B1B03C5F600651F57 /* NSFileManager+BBFoundationExtensions.h */; settings = {ATTRIBUTES = (Public, ); }; };
		7945360E1B03C5F600651F57 /* NSFileManager+BBFoundationExtensions.m in Sources */ = {isa = PBXBuildFile; fileRef = 7945360C1B03C5F600651F57 /* NSFileManager+BBFoundationExtensions.m */; };
		794536131B03CAAE00651F57 /* NSURL+BBKitExtensions.h in Headers */ = {isa = PBXBuildFile; fileRef = 794536111B03CAAE00651F57 /* NSURL+BBKitExtensions.h */; settings = {ATTRIBUTES = (Public, ); }; };
		794536141B03CAAE00651F57 /* NSURL+BBKitExtensions.m in Sources */ = {isa = PBXBuildFile; fileRef = 794536121B03CAAE00651F57 /* NSURL+BBKitExtensions.m */; };
		7945361A1B03CD7000651F57 /* BBKit.h in Headers */ = {isa = PBXBuildFile; fileRef = 794536191B03CD7000651F57 /* BBKit.h */; settings = {ATTRIBUTES = (Public, ); }; };
		794536411B03D9AC00651F57 /* BBFrameworks.framework in Frameworks */ = {isa = PBXBuildFile; fileRef = 794536361B03D9AC00651F57 /* BBFrameworks.framework */; };
		7945364E1B03D9AC00651F57 /* BBFrameworks.framework in Embed Frameworks */ = {isa = PBXBuildFile; fileRef = 794536361B03D9AC00651F57 /* BBFrameworks.framework */; settings = {ATTRIBUTES = (CodeSignOnCopy, RemoveHeadersOnCopy, ); }; };
		794536601B03D9E000651F57 /* BBFrameworks.framework in Frameworks */ = {isa = PBXBuildFile; fileRef = 794535971B03C31700651F57 /* BBFrameworks.framework */; };
		7945366F1B03E10900651F57 /* NSManagedObjectContext+BBCoreDataExtensions.h in Headers */ = {isa = PBXBuildFile; fileRef = 7945366B1B03E10900651F57 /* NSManagedObjectContext+BBCoreDataExtensions.h */; settings = {ATTRIBUTES = (Public, ); }; };
		794536701B03E10900651F57 /* NSManagedObjectContext+BBCoreDataExtensions.h in Headers */ = {isa = PBXBuildFile; fileRef = 7945366B1B03E10900651F57 /* NSManagedObjectContext+BBCoreDataExtensions.h */; settings = {ATTRIBUTES = (Public, ); }; };
		794536711B03E10900651F57 /* NSManagedObjectContext+BBCoreDataExtensions.m in Sources */ = {isa = PBXBuildFile; fileRef = 7945366C1B03E10900651F57 /* NSManagedObjectContext+BBCoreDataExtensions.m */; };
		794536721B03E10900651F57 /* NSManagedObjectContext+BBCoreDataExtensions.m in Sources */ = {isa = PBXBuildFile; fileRef = 7945366C1B03E10900651F57 /* NSManagedObjectContext+BBCoreDataExtensions.m */; };
		794536731B03E10900651F57 /* NSManagedObjectContext+BBCoreDataImportExtensions.h in Headers */ = {isa = PBXBuildFile; fileRef = 7945366D1B03E10900651F57 /* NSManagedObjectContext+BBCoreDataImportExtensions.h */; settings = {ATTRIBUTES = (Public, ); }; };
		794536741B03E10900651F57 /* NSManagedObjectContext+BBCoreDataImportExtensions.h in Headers */ = {isa = PBXBuildFile; fileRef = 7945366D1B03E10900651F57 /* NSManagedObjectContext+BBCoreDataImportExtensions.h */; settings = {ATTRIBUTES = (Public, ); }; };
		794536751B03E10900651F57 /* NSManagedObjectContext+BBCoreDataImportExtensions.m in Sources */ = {isa = PBXBuildFile; fileRef = 7945366E1B03E10900651F57 /* NSManagedObjectContext+BBCoreDataImportExtensions.m */; };
		794536761B03E10900651F57 /* NSManagedObjectContext+BBCoreDataImportExtensions.m in Sources */ = {isa = PBXBuildFile; fileRef = 7945366E1B03E10900651F57 /* NSManagedObjectContext+BBCoreDataImportExtensions.m */; };
		794536791B03E12900651F57 /* BBManagedObjectEntityMapping.h in Headers */ = {isa = PBXBuildFile; fileRef = 794536771B03E12900651F57 /* BBManagedObjectEntityMapping.h */; settings = {ATTRIBUTES = (Public, ); }; };
		7945367A1B03E12900651F57 /* BBManagedObjectEntityMapping.h in Headers */ = {isa = PBXBuildFile; fileRef = 794536771B03E12900651F57 /* BBManagedObjectEntityMapping.h */; settings = {ATTRIBUTES = (Public, ); }; };
		7945367B1B03E12900651F57 /* BBManagedObjectPropertyMapping.h in Headers */ = {isa = PBXBuildFile; fileRef = 794536781B03E12900651F57 /* BBManagedObjectPropertyMapping.h */; settings = {ATTRIBUTES = (Public, ); }; };
		7945367C1B03E12900651F57 /* BBManagedObjectPropertyMapping.h in Headers */ = {isa = PBXBuildFile; fileRef = 794536781B03E12900651F57 /* BBManagedObjectPropertyMapping.h */; settings = {ATTRIBUTES = (Public, ); }; };
		7945367D1B03E34300651F57 /* BBFrameworks.h in Headers */ = {isa = PBXBuildFile; fileRef = 7945359C1B03C31700651F57 /* BBFrameworks.h */; settings = {ATTRIBUTES = (Public, ); }; };
		7945367F1B03E3A400651F57 /* BBFoundationFunctions.h in Headers */ = {isa = PBXBuildFile; fileRef = 7945367E1B03E3A400651F57 /* BBFoundationFunctions.h */; settings = {ATTRIBUTES = (Public, ); }; };
		794536801B03E3A400651F57 /* BBFoundationFunctions.h in Headers */ = {isa = PBXBuildFile; fileRef = 7945367E1B03E3A400651F57 /* BBFoundationFunctions.h */; settings = {ATTRIBUTES = (Public, ); }; };
		794536811B03E3DC00651F57 /* BBFoundation.h in Headers */ = {isa = PBXBuildFile; fileRef = 794536071B03C37000651F57 /* BBFoundation.h */; settings = {ATTRIBUTES = (Public, ); }; };
		794536821B03E3E300651F57 /* BBFoundationDebugging.h in Headers */ = {isa = PBXBuildFile; fileRef = 794536091B03C5B400651F57 /* BBFoundationDebugging.h */; settings = {ATTRIBUTES = (Public, ); }; };
		794536831B03E3E900651F57 /* NSFileManager+BBFoundationExtensions.h in Headers */ = {isa = PBXBuildFile; fileRef = 7945360B1B03C5F600651F57 /* NSFileManager+BBFoundationExtensions.h */; settings = {ATTRIBUTES = (Public, ); }; };
		794536841B03E3F400651F57 /* BBKit.h in Headers */ = {isa = PBXBuildFile; fileRef = 794536191B03CD7000651F57 /* BBKit.h */; settings = {ATTRIBUTES = (Public, ); }; };
		794536851B03E3FB00651F57 /* NSURL+BBKitExtensions.h in Headers */ = {isa = PBXBuildFile; fileRef = 794536111B03CAAE00651F57 /* NSURL+BBKitExtensions.h */; settings = {ATTRIBUTES = (Public, ); }; };
		794536871B03E42D00651F57 /* BBCoreData.h in Headers */ = {isa = PBXBuildFile; fileRef = 794536861B03E42D00651F57 /* BBCoreData.h */; settings = {ATTRIBUTES = (Public, ); }; };
		794536881B03E42D00651F57 /* BBCoreData.h in Headers */ = {isa = PBXBuildFile; fileRef = 794536861B03E42D00651F57 /* BBCoreData.h */; settings = {ATTRIBUTES = (Public, ); }; };
		7945368D1B041D0700651F57 /* BBSnakeCaseToLlamaCaseValueTransformer.h in Headers */ = {isa = PBXBuildFile; fileRef = 7945368B1B041D0700651F57 /* BBSnakeCaseToLlamaCaseValueTransformer.h */; settings = {ATTRIBUTES = (Public, ); }; };
		7945368E1B041D0700651F57 /* BBSnakeCaseToLlamaCaseValueTransformer.h in Headers */ = {isa = PBXBuildFile; fileRef = 7945368B1B041D0700651F57 /* BBSnakeCaseToLlamaCaseValueTransformer.h */; settings = {ATTRIBUTES = (Public, ); }; };
		7945368F1B041D0700651F57 /* BBSnakeCaseToLlamaCaseValueTransformer.m in Sources */ = {isa = PBXBuildFile; fileRef = 7945368C1B041D0700651F57 /* BBSnakeCaseToLlamaCaseValueTransformer.m */; };
		794536901B041D0700651F57 /* BBSnakeCaseToLlamaCaseValueTransformer.m in Sources */ = {isa = PBXBuildFile; fileRef = 7945368C1B041D0700651F57 /* BBSnakeCaseToLlamaCaseValueTransformer.m */; };
		794536931B04235600651F57 /* BBDefaultManagedObjectEntityMapping.h in Headers */ = {isa = PBXBuildFile; fileRef = 794536911B04235600651F57 /* BBDefaultManagedObjectEntityMapping.h */; };
		794536941B04235600651F57 /* BBDefaultManagedObjectEntityMapping.h in Headers */ = {isa = PBXBuildFile; fileRef = 794536911B04235600651F57 /* BBDefaultManagedObjectEntityMapping.h */; };
		794536951B04235600651F57 /* BBDefaultManagedObjectEntityMapping.m in Sources */ = {isa = PBXBuildFile; fileRef = 794536921B04235600651F57 /* BBDefaultManagedObjectEntityMapping.m */; };
		794536961B04235600651F57 /* BBDefaultManagedObjectEntityMapping.m in Sources */ = {isa = PBXBuildFile; fileRef = 794536921B04235600651F57 /* BBDefaultManagedObjectEntityMapping.m */; };
		794536991B0424A900651F57 /* BBDefaultManagedObjectPropertyMapping.h in Headers */ = {isa = PBXBuildFile; fileRef = 794536971B0424A900651F57 /* BBDefaultManagedObjectPropertyMapping.h */; };
		7945369A1B0424A900651F57 /* BBDefaultManagedObjectPropertyMapping.h in Headers */ = {isa = PBXBuildFile; fileRef = 794536971B0424A900651F57 /* BBDefaultManagedObjectPropertyMapping.h */; };
		7945369B1B0424A900651F57 /* BBDefaultManagedObjectPropertyMapping.m in Sources */ = {isa = PBXBuildFile; fileRef = 794536981B0424A900651F57 /* BBDefaultManagedObjectPropertyMapping.m */; };
		7945369C1B0424A900651F57 /* BBDefaultManagedObjectPropertyMapping.m in Sources */ = {isa = PBXBuildFile; fileRef = 794536981B0424A900651F57 /* BBDefaultManagedObjectPropertyMapping.m */; };
		7945369F1B05215200651F57 /* Test.xcdatamodeld in Sources */ = {isa = PBXBuildFile; fileRef = 7945369D1B05215200651F57 /* Test.xcdatamodeld */; };
		794536A01B05215200651F57 /* Test.xcdatamodeld in Sources */ = {isa = PBXBuildFile; fileRef = 7945369D1B05215200651F57 /* Test.xcdatamodeld */; };
		794536B51B05246400651F57 /* BBFrameworksCoreDataImportTests.m in Sources */ = {isa = PBXBuildFile; fileRef = 794536B41B05246400651F57 /* BBFrameworksCoreDataImportTests.m */; };
		794536B61B05246400651F57 /* BBFrameworksCoreDataImportTests.m in Sources */ = {isa = PBXBuildFile; fileRef = 794536B41B05246400651F57 /* BBFrameworksCoreDataImportTests.m */; };
		794536B81B0528BC00651F57 /* test.json in Resources */ = {isa = PBXBuildFile; fileRef = 794536B71B0528BC00651F57 /* test.json */; };
		794536B91B0528BC00651F57 /* test.json in Resources */ = {isa = PBXBuildFile; fileRef = 794536B71B0528BC00651F57 /* test.json */; };
		DD82EF07CC9AA3F443F36783 /* libPods-OSXDemo.a in Frameworks */ = {isa = PBXBuildFile; fileRef = 6A1F9F680CDB02BAAE1CA834 /* libPods-OSXDemo.a */; };
		F989FCFB0DE175E3DB8EA151 /* libPods-iOSDemo.a in Frameworks */ = {isa = PBXBuildFile; fileRef = 3463BD90209F8F1891F48B2E /* libPods-iOSDemo.a */; };
/* End PBXBuildFile section */

/* Begin PBXContainerItemProxy section */
		794536151B03CB1200651F57 /* PBXContainerItemProxy */ = {
			isa = PBXContainerItemProxy;
			containerPortal = 7945358E1B03C31700651F57 /* Project object */;
			proxyType = 1;
			remoteGlobalIDString = 794535961B03C31700651F57;
			remoteInfo = BBFrameworks;
		};
		794536421B03D9AC00651F57 /* PBXContainerItemProxy */ = {
			isa = PBXContainerItemProxy;
			containerPortal = 7945358E1B03C31700651F57 /* Project object */;
			proxyType = 1;
			remoteGlobalIDString = 794536351B03D9AC00651F57;
			remoteInfo = BBFrameworksOSX;
		};
		794536441B03D9AC00651F57 /* PBXContainerItemProxy */ = {
			isa = PBXContainerItemProxy;
			containerPortal = 7945358E1B03C31700651F57 /* Project object */;
			proxyType = 1;
			remoteGlobalIDString = 794535B61B03C32800651F57;
			remoteInfo = BBFrameworksiOSDemo;
		};
		794536611B03D9E000651F57 /* PBXContainerItemProxy */ = {
			isa = PBXContainerItemProxy;
			containerPortal = 7945358E1B03C31700651F57 /* Project object */;
			proxyType = 1;
			remoteGlobalIDString = 794535961B03C31700651F57;
			remoteInfo = BBFrameworksiOS;
		};
		794536681B03DBCB00651F57 /* PBXContainerItemProxy */ = {
			isa = PBXContainerItemProxy;
			containerPortal = 7945358E1B03C31700651F57 /* Project object */;
			proxyType = 1;
			remoteGlobalIDString = 794536351B03D9AC00651F57;
			remoteInfo = BBFrameworksOSX;
		};
		794536A21B05229500651F57 /* PBXContainerItemProxy */ = {
			isa = PBXContainerItemProxy;
			containerPortal = 7945358E1B03C31700651F57 /* Project object */;
			proxyType = 1;
			remoteGlobalIDString = 794535E01B03C33200651F57;
			remoteInfo = BBFrameworksOSXDemo;
		};
/* End PBXContainerItemProxy section */

/* Begin PBXCopyFilesBuildPhase section */
		794536521B03D9AC00651F57 /* Embed Frameworks */ = {
			isa = PBXCopyFilesBuildPhase;
			buildActionMask = 2147483647;
			dstPath = "";
			dstSubfolderSpec = 10;
			files = (
				7945364E1B03D9AC00651F57 /* BBFrameworks.framework in Embed Frameworks */,
			);
			name = "Embed Frameworks";
			runOnlyForDeploymentPostprocessing = 0;
		};
/* End PBXCopyFilesBuildPhase section */

/* Begin PBXFileReference section */
		0FA56EA18661F8C74EBBF115 /* Pods-iOSDemo.debug.xcconfig */ = {isa = PBXFileReference; includeInIndex = 1; lastKnownFileType = text.xcconfig; name = "Pods-iOSDemo.debug.xcconfig"; path = "Pods/Target Support Files/Pods-iOSDemo/Pods-iOSDemo.debug.xcconfig"; sourceTree = "<group>"; };
		3463BD90209F8F1891F48B2E /* libPods-iOSDemo.a */ = {isa = PBXFileReference; explicitFileType = archive.ar; includeInIndex = 0; path = "libPods-iOSDemo.a"; sourceTree = BUILT_PRODUCTS_DIR; };
		46E6EAAFAF16877F5A1046F0 /* Pods-iOSDemo.release.xcconfig */ = {isa = PBXFileReference; includeInIndex = 1; lastKnownFileType = text.xcconfig; name = "Pods-iOSDemo.release.xcconfig"; path = "Pods/Target Support Files/Pods-iOSDemo/Pods-iOSDemo.release.xcconfig"; sourceTree = "<group>"; };
		51DB3C8ABAAE4713365480AC /* Pods-OSXDemo.debug.xcconfig */ = {isa = PBXFileReference; includeInIndex = 1; lastKnownFileType = text.xcconfig; name = "Pods-OSXDemo.debug.xcconfig"; path = "Pods/Target Support Files/Pods-OSXDemo/Pods-OSXDemo.debug.xcconfig"; sourceTree = "<group>"; };
		6A1F9F680CDB02BAAE1CA834 /* libPods-OSXDemo.a */ = {isa = PBXFileReference; explicitFileType = archive.ar; includeInIndex = 0; path = "libPods-OSXDemo.a"; sourceTree = BUILT_PRODUCTS_DIR; };
		794535971B03C31700651F57 /* BBFrameworks.framework */ = {isa = PBXFileReference; explicitFileType = wrapper.framework; includeInIndex = 0; path = BBFrameworks.framework; sourceTree = BUILT_PRODUCTS_DIR; };
		7945359C1B03C31700651F57 /* BBFrameworks.h */ = {isa = PBXFileReference; lastKnownFileType = sourcecode.c.h; path = BBFrameworks.h; sourceTree = "<group>"; };
		794535B71B03C32800651F57 /* BBFrameworksiOSDemo.app */ = {isa = PBXFileReference; explicitFileType = wrapper.application; includeInIndex = 0; path = BBFrameworksiOSDemo.app; sourceTree = BUILT_PRODUCTS_DIR; };
		794535BA1B03C32800651F57 /* Info.plist */ = {isa = PBXFileReference; lastKnownFileType = text.plist.xml; path = Info.plist; sourceTree = "<group>"; };
		794535BB1B03C32800651F57 /* main.m */ = {isa = PBXFileReference; lastKnownFileType = sourcecode.c.objc; path = main.m; sourceTree = "<group>"; };
		794535BD1B03C32800651F57 /* AppDelegate.h */ = {isa = PBXFileReference; lastKnownFileType = sourcecode.c.h; path = AppDelegate.h; sourceTree = "<group>"; };
		794535BE1B03C32800651F57 /* AppDelegate.m */ = {isa = PBXFileReference; lastKnownFileType = sourcecode.c.objc; path = AppDelegate.m; sourceTree = "<group>"; };
		794535C01B03C32800651F57 /* ViewController.h */ = {isa = PBXFileReference; lastKnownFileType = sourcecode.c.h; path = ViewController.h; sourceTree = "<group>"; };
		794535C11B03C32800651F57 /* ViewController.m */ = {isa = PBXFileReference; lastKnownFileType = sourcecode.c.objc; path = ViewController.m; sourceTree = "<group>"; };
		794535C41B03C32800651F57 /* Base */ = {isa = PBXFileReference; lastKnownFileType = file.storyboard; name = Base; path = Base.lproj/Main.storyboard; sourceTree = "<group>"; };
		794535C61B03C32800651F57 /* Images.xcassets */ = {isa = PBXFileReference; lastKnownFileType = folder.assetcatalog; path = Images.xcassets; sourceTree = "<group>"; };
		794535C91B03C32800651F57 /* Base */ = {isa = PBXFileReference; lastKnownFileType = file.xib; name = Base; path = Base.lproj/LaunchScreen.xib; sourceTree = "<group>"; };
		794535E11B03C33200651F57 /* BBFrameworksOSXDemo.app */ = {isa = PBXFileReference; explicitFileType = wrapper.application; includeInIndex = 0; path = BBFrameworksOSXDemo.app; sourceTree = BUILT_PRODUCTS_DIR; };
		794535E41B03C33200651F57 /* Info.plist */ = {isa = PBXFileReference; lastKnownFileType = text.plist.xml; path = Info.plist; sourceTree = "<group>"; };
		794535E51B03C33200651F57 /* AppDelegate.h */ = {isa = PBXFileReference; lastKnownFileType = sourcecode.c.h; path = AppDelegate.h; sourceTree = "<group>"; };
		794535E61B03C33200651F57 /* AppDelegate.m */ = {isa = PBXFileReference; lastKnownFileType = sourcecode.c.objc; path = AppDelegate.m; sourceTree = "<group>"; };
		794535E81B03C33200651F57 /* main.m */ = {isa = PBXFileReference; lastKnownFileType = sourcecode.c.objc; path = main.m; sourceTree = "<group>"; };
		794535EA1B03C33200651F57 /* Images.xcassets */ = {isa = PBXFileReference; lastKnownFileType = folder.assetcatalog; path = Images.xcassets; sourceTree = "<group>"; };
		794535ED1B03C33200651F57 /* Base */ = {isa = PBXFileReference; lastKnownFileType = file.xib; name = Base; path = Base.lproj/MainMenu.xib; sourceTree = "<group>"; };
		794536071B03C37000651F57 /* BBFoundation.h */ = {isa = PBXFileReference; fileEncoding = 4; lastKnownFileType = sourcecode.c.h; name = BBFoundation.h; path = BBFrameworks/BBFoundation/BBFoundation.h; sourceTree = SOURCE_ROOT; };
		794536091B03C5B400651F57 /* BBFoundationDebugging.h */ = {isa = PBXFileReference; fileEncoding = 4; lastKnownFileType = sourcecode.c.h; name = BBFoundationDebugging.h; path = BBFrameworks/BBFoundation/BBFoundationDebugging.h; sourceTree = SOURCE_ROOT; };
		7945360B1B03C5F600651F57 /* NSFileManager+BBFoundationExtensions.h */ = {isa = PBXFileReference; fileEncoding = 4; lastKnownFileType = sourcecode.c.h; path = "NSFileManager+BBFoundationExtensions.h"; sourceTree = "<group>"; };
		7945360C1B03C5F600651F57 /* NSFileManager+BBFoundationExtensions.m */ = {isa = PBXFileReference; fileEncoding = 4; lastKnownFileType = sourcecode.c.objc; path = "NSFileManager+BBFoundationExtensions.m"; sourceTree = "<group>"; };
		794536111B03CAAE00651F57 /* NSURL+BBKitExtensions.h */ = {isa = PBXFileReference; fileEncoding = 4; lastKnownFileType = sourcecode.c.h; path = "NSURL+BBKitExtensions.h"; sourceTree = "<group>"; };
		794536121B03CAAE00651F57 /* NSURL+BBKitExtensions.m */ = {isa = PBXFileReference; fileEncoding = 4; lastKnownFileType = sourcecode.c.objc; path = "NSURL+BBKitExtensions.m"; sourceTree = "<group>"; };
		794536191B03CD7000651F57 /* BBKit.h */ = {isa = PBXFileReference; fileEncoding = 4; lastKnownFileType = sourcecode.c.h; path = BBKit.h; sourceTree = "<group>"; };
		794536361B03D9AC00651F57 /* BBFrameworks.framework */ = {isa = PBXFileReference; explicitFileType = wrapper.framework; includeInIndex = 0; path = BBFrameworks.framework; sourceTree = BUILT_PRODUCTS_DIR; };
		794536401B03D9AC00651F57 /* BBFrameworksOSXTests.xctest */ = {isa = PBXFileReference; explicitFileType = wrapper.cfbundle; includeInIndex = 0; path = BBFrameworksOSXTests.xctest; sourceTree = BUILT_PRODUCTS_DIR; };
		7945365A1B03D9E000651F57 /* BBFrameworksiOSTests.xctest */ = {isa = PBXFileReference; explicitFileType = wrapper.cfbundle; includeInIndex = 0; path = BBFrameworksiOSTests.xctest; sourceTree = BUILT_PRODUCTS_DIR; };
		7945365D1B03D9E000651F57 /* BBFrameworksiOSTests-Info.plist */ = {isa = PBXFileReference; lastKnownFileType = text.plist.xml; path = "BBFrameworksiOSTests-Info.plist"; sourceTree = "<group>"; };
		794536661B03DB0A00651F57 /* BBFrameworksiOS-Info.plist */ = {isa = PBXFileReference; lastKnownFileType = text.plist.xml; path = "BBFrameworksiOS-Info.plist"; sourceTree = "<group>"; };
		794536671B03DB0A00651F57 /* BBFrameworksOSX-Info.plist */ = {isa = PBXFileReference; lastKnownFileType = text.plist.xml; path = "BBFrameworksOSX-Info.plist"; sourceTree = "<group>"; };
		7945366B1B03E10900651F57 /* NSManagedObjectContext+BBCoreDataExtensions.h */ = {isa = PBXFileReference; fileEncoding = 4; lastKnownFileType = sourcecode.c.h; path = "NSManagedObjectContext+BBCoreDataExtensions.h"; sourceTree = "<group>"; };
		7945366C1B03E10900651F57 /* NSManagedObjectContext+BBCoreDataExtensions.m */ = {isa = PBXFileReference; fileEncoding = 4; lastKnownFileType = sourcecode.c.objc; path = "NSManagedObjectContext+BBCoreDataExtensions.m"; sourceTree = "<group>"; };
		7945366D1B03E10900651F57 /* NSManagedObjectContext+BBCoreDataImportExtensions.h */ = {isa = PBXFileReference; fileEncoding = 4; lastKnownFileType = sourcecode.c.h; path = "NSManagedObjectContext+BBCoreDataImportExtensions.h"; sourceTree = "<group>"; };
		7945366E1B03E10900651F57 /* NSManagedObjectContext+BBCoreDataImportExtensions.m */ = {isa = PBXFileReference; fileEncoding = 4; lastKnownFileType = sourcecode.c.objc; path = "NSManagedObjectContext+BBCoreDataImportExtensions.m"; sourceTree = "<group>"; };
		794536771B03E12900651F57 /* BBManagedObjectEntityMapping.h */ = {isa = PBXFileReference; fileEncoding = 4; lastKnownFileType = sourcecode.c.h; path = BBManagedObjectEntityMapping.h; sourceTree = "<group>"; };
		794536781B03E12900651F57 /* BBManagedObjectPropertyMapping.h */ = {isa = PBXFileReference; fileEncoding = 4; lastKnownFileType = sourcecode.c.h; path = BBManagedObjectPropertyMapping.h; sourceTree = "<group>"; };
		7945367E1B03E3A400651F57 /* BBFoundationFunctions.h */ = {isa = PBXFileReference; fileEncoding = 4; lastKnownFileType = sourcecode.c.h; path = BBFoundationFunctions.h; sourceTree = "<group>"; };
		794536861B03E42D00651F57 /* BBCoreData.h */ = {isa = PBXFileReference; fileEncoding = 4; lastKnownFileType = sourcecode.c.h; path = BBCoreData.h; sourceTree = "<group>"; };
		7945368B1B041D0700651F57 /* BBSnakeCaseToLlamaCaseValueTransformer.h */ = {isa = PBXFileReference; fileEncoding = 4; lastKnownFileType = sourcecode.c.h; path = BBSnakeCaseToLlamaCaseValueTransformer.h; sourceTree = "<group>"; };
		7945368C1B041D0700651F57 /* BBSnakeCaseToLlamaCaseValueTransformer.m */ = {isa = PBXFileReference; fileEncoding = 4; lastKnownFileType = sourcecode.c.objc; path = BBSnakeCaseToLlamaCaseValueTransformer.m; sourceTree = "<group>"; };
		794536911B04235600651F57 /* BBDefaultManagedObjectEntityMapping.h */ = {isa = PBXFileReference; fileEncoding = 4; lastKnownFileType = sourcecode.c.h; path = BBDefaultManagedObjectEntityMapping.h; sourceTree = "<group>"; };
		794536921B04235600651F57 /* BBDefaultManagedObjectEntityMapping.m */ = {isa = PBXFileReference; fileEncoding = 4; lastKnownFileType = sourcecode.c.objc; path = BBDefaultManagedObjectEntityMapping.m; sourceTree = "<group>"; };
		794536971B0424A900651F57 /* BBDefaultManagedObjectPropertyMapping.h */ = {isa = PBXFileReference; fileEncoding = 4; lastKnownFileType = sourcecode.c.h; path = BBDefaultManagedObjectPropertyMapping.h; sourceTree = "<group>"; };
		794536981B0424A900651F57 /* BBDefaultManagedObjectPropertyMapping.m */ = {isa = PBXFileReference; fileEncoding = 4; lastKnownFileType = sourcecode.c.objc; path = BBDefaultManagedObjectPropertyMapping.m; sourceTree = "<group>"; };
		7945369E1B05215200651F57 /* Test.xcdatamodel */ = {isa = PBXFileReference; lastKnownFileType = wrapper.xcdatamodel; path = Test.xcdatamodel; sourceTree = "<group>"; };
		794536B41B05246400651F57 /* BBFrameworksCoreDataImportTests.m */ = {isa = PBXFileReference; fileEncoding = 4; lastKnownFileType = sourcecode.c.objc; path = BBFrameworksCoreDataImportTests.m; sourceTree = "<group>"; };
		794536B71B0528BC00651F57 /* test.json */ = {isa = PBXFileReference; fileEncoding = 4; lastKnownFileType = text.json; path = test.json; sourceTree = "<group>"; };
		794536BA1B052A2B00651F57 /* BBFrameworksOSXTests-Info.plist */ = {isa = PBXFileReference; lastKnownFileType = text.plist.xml; path = "BBFrameworksOSXTests-Info.plist"; sourceTree = "<group>"; };
		8BDC20F7D1B0AF197AF22F17 /* Pods-OSXDemo.release.xcconfig */ = {isa = PBXFileReference; includeInIndex = 1; lastKnownFileType = text.xcconfig; name = "Pods-OSXDemo.release.xcconfig"; path = "Pods/Target Support Files/Pods-OSXDemo/Pods-OSXDemo.release.xcconfig"; sourceTree = "<group>"; };
/* End PBXFileReference section */

/* Begin PBXFrameworksBuildPhase section */
		794535931B03C31700651F57 /* Frameworks */ = {
			isa = PBXFrameworksBuildPhase;
			buildActionMask = 2147483647;
			files = (
			);
			runOnlyForDeploymentPostprocessing = 0;
		};
		794535B41B03C32800651F57 /* Frameworks */ = {
			isa = PBXFrameworksBuildPhase;
			buildActionMask = 2147483647;
			files = (
				F989FCFB0DE175E3DB8EA151 /* libPods-iOSDemo.a in Frameworks */,
			);
			runOnlyForDeploymentPostprocessing = 0;
		};
		794535DE1B03C33200651F57 /* Frameworks */ = {
			isa = PBXFrameworksBuildPhase;
			buildActionMask = 2147483647;
			files = (
				DD82EF07CC9AA3F443F36783 /* libPods-OSXDemo.a in Frameworks */,
			);
			runOnlyForDeploymentPostprocessing = 0;
		};
		794536321B03D9AC00651F57 /* Frameworks */ = {
			isa = PBXFrameworksBuildPhase;
			buildActionMask = 2147483647;
			files = (
			);
			runOnlyForDeploymentPostprocessing = 0;
		};
		7945363D1B03D9AC00651F57 /* Frameworks */ = {
			isa = PBXFrameworksBuildPhase;
			buildActionMask = 2147483647;
			files = (
				794536411B03D9AC00651F57 /* BBFrameworks.framework in Frameworks */,
			);
			runOnlyForDeploymentPostprocessing = 0;
		};
		794536571B03D9E000651F57 /* Frameworks */ = {
			isa = PBXFrameworksBuildPhase;
			buildActionMask = 2147483647;
			files = (
				794536601B03D9E000651F57 /* BBFrameworks.framework in Frameworks */,
			);
			runOnlyForDeploymentPostprocessing = 0;
		};
/* End PBXFrameworksBuildPhase section */

/* Begin PBXGroup section */
		62830E25A463C2CF8599501A /* Frameworks */ = {
			isa = PBXGroup;
			children = (
				6A1F9F680CDB02BAAE1CA834 /* libPods-OSXDemo.a */,
				3463BD90209F8F1891F48B2E /* libPods-iOSDemo.a */,
			);
			name = Frameworks;
			sourceTree = "<group>";
		};
		7945358D1B03C31700651F57 = {
			isa = PBXGroup;
			children = (
				794535991B03C31700651F57 /* BBFrameworks */,
				7945365B1B03D9E000651F57 /* BBFrameworksTests */,
				794535B81B03C32800651F57 /* BBFrameworksiOSDemo */,
				794535E21B03C33200651F57 /* BBFrameworksOSXDemo */,
				794535981B03C31700651F57 /* Products */,
				A60131BA99F48FEF1860D1A4 /* Pods */,
				62830E25A463C2CF8599501A /* Frameworks */,
			);
			sourceTree = "<group>";
		};
		794535981B03C31700651F57 /* Products */ = {
			isa = PBXGroup;
			children = (
				794535971B03C31700651F57 /* BBFrameworks.framework */,
				794535B71B03C32800651F57 /* BBFrameworksiOSDemo.app */,
				794535E11B03C33200651F57 /* BBFrameworksOSXDemo.app */,
				794536361B03D9AC00651F57 /* BBFrameworks.framework */,
				794536401B03D9AC00651F57 /* BBFrameworksOSXTests.xctest */,
				7945365A1B03D9E000651F57 /* BBFrameworksiOSTests.xctest */,
			);
			name = Products;
			sourceTree = "<group>";
		};
		794535991B03C31700651F57 /* BBFrameworks */ = {
			isa = PBXGroup;
			children = (
				7945359C1B03C31700651F57 /* BBFrameworks.h */,
				7945360F1B03C83400651F57 /* BBFoundation */,
				7945366A1B03DFD300651F57 /* BBCoreData */,
				794536101B03CA3900651F57 /* BBKit */,
				7945359A1B03C31700651F57 /* Supporting Files */,
			);
			path = BBFrameworks;
			sourceTree = "<group>";
		};
		7945359A1B03C31700651F57 /* Supporting Files */ = {
			isa = PBXGroup;
			children = (
				794536661B03DB0A00651F57 /* BBFrameworksiOS-Info.plist */,
				794536671B03DB0A00651F57 /* BBFrameworksOSX-Info.plist */,
			);
			name = "Supporting Files";
			sourceTree = "<group>";
		};
		794535B81B03C32800651F57 /* BBFrameworksiOSDemo */ = {
			isa = PBXGroup;
			children = (
				794535BD1B03C32800651F57 /* AppDelegate.h */,
				794535BE1B03C32800651F57 /* AppDelegate.m */,
				794535C01B03C32800651F57 /* ViewController.h */,
				794535C11B03C32800651F57 /* ViewController.m */,
				794535C31B03C32800651F57 /* Main.storyboard */,
				794535C61B03C32800651F57 /* Images.xcassets */,
				794535C81B03C32800651F57 /* LaunchScreen.xib */,
				794535B91B03C32800651F57 /* Supporting Files */,
			);
			path = BBFrameworksiOSDemo;
			sourceTree = "<group>";
		};
		794535B91B03C32800651F57 /* Supporting Files */ = {
			isa = PBXGroup;
			children = (
				794535BA1B03C32800651F57 /* Info.plist */,
				794535BB1B03C32800651F57 /* main.m */,
			);
			name = "Supporting Files";
			sourceTree = "<group>";
		};
		794535E21B03C33200651F57 /* BBFrameworksOSXDemo */ = {
			isa = PBXGroup;
			children = (
				794535E51B03C33200651F57 /* AppDelegate.h */,
				794535E61B03C33200651F57 /* AppDelegate.m */,
				794535EA1B03C33200651F57 /* Images.xcassets */,
				794535EC1B03C33200651F57 /* MainMenu.xib */,
				794535E31B03C33200651F57 /* Supporting Files */,
			);
			path = BBFrameworksOSXDemo;
			sourceTree = "<group>";
		};
		794535E31B03C33200651F57 /* Supporting Files */ = {
			isa = PBXGroup;
			children = (
				794535E41B03C33200651F57 /* Info.plist */,
				794535E81B03C33200651F57 /* main.m */,
			);
			name = "Supporting Files";
			sourceTree = "<group>";
		};
		7945360F1B03C83400651F57 /* BBFoundation */ = {
			isa = PBXGroup;
			children = (
				794536071B03C37000651F57 /* BBFoundation.h */,
				794536091B03C5B400651F57 /* BBFoundationDebugging.h */,
				7945367E1B03E3A400651F57 /* BBFoundationFunctions.h */,
				7945368A1B041CD200651F57 /* Classes */,
				794536891B041CCB00651F57 /* Categories */,
			);
			path = BBFoundation;
			sourceTree = "<group>";
		};
		794536101B03CA3900651F57 /* BBKit */ = {
			isa = PBXGroup;
			children = (
				794536191B03CD7000651F57 /* BBKit.h */,
				794536111B03CAAE00651F57 /* NSURL+BBKitExtensions.h */,
				794536121B03CAAE00651F57 /* NSURL+BBKitExtensions.m */,
			);
			path = BBKit;
			sourceTree = "<group>";
		};
		7945365B1B03D9E000651F57 /* BBFrameworksTests */ = {
			isa = PBXGroup;
			children = (
				794536B41B05246400651F57 /* BBFrameworksCoreDataImportTests.m */,
				7945365C1B03D9E000651F57 /* Supporting Files */,
			);
			path = BBFrameworksTests;
			sourceTree = "<group>";
		};
		7945365C1B03D9E000651F57 /* Supporting Files */ = {
			isa = PBXGroup;
			children = (
				794536B71B0528BC00651F57 /* test.json */,
				7945365D1B03D9E000651F57 /* BBFrameworksiOSTests-Info.plist */,
				794536BA1B052A2B00651F57 /* BBFrameworksOSXTests-Info.plist */,
				7945369D1B05215200651F57 /* Test.xcdatamodeld */,
			);
			name = "Supporting Files";
			sourceTree = "<group>";
		};
		7945366A1B03DFD300651F57 /* BBCoreData */ = {
			isa = PBXGroup;
			children = (
				794536861B03E42D00651F57 /* BBCoreData.h */,
				7945366B1B03E10900651F57 /* NSManagedObjectContext+BBCoreDataExtensions.h */,
				7945366C1B03E10900651F57 /* NSManagedObjectContext+BBCoreDataExtensions.m */,
				794536771B03E12900651F57 /* BBManagedObjectEntityMapping.h */,
				794536781B03E12900651F57 /* BBManagedObjectPropertyMapping.h */,
				7945366D1B03E10900651F57 /* NSManagedObjectContext+BBCoreDataImportExtensions.h */,
				7945366E1B03E10900651F57 /* NSManagedObjectContext+BBCoreDataImportExtensions.m */,
				794536911B04235600651F57 /* BBDefaultManagedObjectEntityMapping.h */,
				794536921B04235600651F57 /* BBDefaultManagedObjectEntityMapping.m */,
				794536971B0424A900651F57 /* BBDefaultManagedObjectPropertyMapping.h */,
				794536981B0424A900651F57 /* BBDefaultManagedObjectPropertyMapping.m */,
			);
			path = BBCoreData;
			sourceTree = "<group>";
		};
		794536891B041CCB00651F57 /* Categories */ = {
			isa = PBXGroup;
			children = (
				7945360B1B03C5F600651F57 /* NSFileManager+BBFoundationExtensions.h */,
				7945360C1B03C5F600651F57 /* NSFileManager+BBFoundationExtensions.m */,
			);
			name = Categories;
			sourceTree = "<group>";
		};
		7945368A1B041CD200651F57 /* Classes */ = {
			isa = PBXGroup;
			children = (
				7945368B1B041D0700651F57 /* BBSnakeCaseToLlamaCaseValueTransformer.h */,
				7945368C1B041D0700651F57 /* BBSnakeCaseToLlamaCaseValueTransformer.m */,
			);
			name = Classes;
			sourceTree = "<group>";
		};
		A60131BA99F48FEF1860D1A4 /* Pods */ = {
			isa = PBXGroup;
			children = (
				51DB3C8ABAAE4713365480AC /* Pods-OSXDemo.debug.xcconfig */,
				8BDC20F7D1B0AF197AF22F17 /* Pods-OSXDemo.release.xcconfig */,
				0FA56EA18661F8C74EBBF115 /* Pods-iOSDemo.debug.xcconfig */,
				46E6EAAFAF16877F5A1046F0 /* Pods-iOSDemo.release.xcconfig */,
			);
			name = Pods;
			sourceTree = "<group>";
		};
/* End PBXGroup section */

/* Begin PBXHeadersBuildPhase section */
		794535941B03C31700651F57 /* Headers */ = {
			isa = PBXHeadersBuildPhase;
			buildActionMask = 2147483647;
			files = (
				794536791B03E12900651F57 /* BBManagedObjectEntityMapping.h in Headers */,
				7945368D1B041D0700651F57 /* BBSnakeCaseToLlamaCaseValueTransformer.h in Headers */,
				7945359D1B03C31700651F57 /* BBFrameworks.h in Headers */,
				794536991B0424A900651F57 /* BBDefaultManagedObjectPropertyMapping.h in Headers */,
				794536081B03C37000651F57 /* BBFoundation.h in Headers */,
				7945360D1B03C5F600651F57 /* NSFileManager+BBFoundationExtensions.h in Headers */,
				7945367B1B03E12900651F57 /* BBManagedObjectPropertyMapping.h in Headers */,
				794536871B03E42D00651F57 /* BBCoreData.h in Headers */,
				7945361A1B03CD7000651F57 /* BBKit.h in Headers */,
				7945360A1B03C5B400651F57 /* BBFoundationDebugging.h in Headers */,
				794536731B03E10900651F57 /* NSManagedObjectContext+BBCoreDataImportExtensions.h in Headers */,
				7945366F1B03E10900651F57 /* NSManagedObjectContext+BBCoreDataExtensions.h in Headers */,
				794536131B03CAAE00651F57 /* NSURL+BBKitExtensions.h in Headers */,
				7945367F1B03E3A400651F57 /* BBFoundationFunctions.h in Headers */,
				794536931B04235600651F57 /* BBDefaultManagedObjectEntityMapping.h in Headers */,
			);
			runOnlyForDeploymentPostprocessing = 0;
		};
		794536331B03D9AC00651F57 /* Headers */ = {
			isa = PBXHeadersBuildPhase;
			buildActionMask = 2147483647;
			files = (
				794536811B03E3DC00651F57 /* BBFoundation.h in Headers */,
				7945368E1B041D0700651F57 /* BBSnakeCaseToLlamaCaseValueTransformer.h in Headers */,
				794536831B03E3E900651F57 /* NSFileManager+BBFoundationExtensions.h in Headers */,
				7945369A1B0424A900651F57 /* BBDefaultManagedObjectPropertyMapping.h in Headers */,
				7945367A1B03E12900651F57 /* BBManagedObjectEntityMapping.h in Headers */,
				794536801B03E3A400651F57 /* BBFoundationFunctions.h in Headers */,
				794536701B03E10900651F57 /* NSManagedObjectContext+BBCoreDataExtensions.h in Headers */,
				794536881B03E42D00651F57 /* BBCoreData.h in Headers */,
				794536821B03E3E300651F57 /* BBFoundationDebugging.h in Headers */,
				7945367C1B03E12900651F57 /* BBManagedObjectPropertyMapping.h in Headers */,
				7945367D1B03E34300651F57 /* BBFrameworks.h in Headers */,
				794536741B03E10900651F57 /* NSManagedObjectContext+BBCoreDataImportExtensions.h in Headers */,
				794536841B03E3F400651F57 /* BBKit.h in Headers */,
				794536851B03E3FB00651F57 /* NSURL+BBKitExtensions.h in Headers */,
				794536941B04235600651F57 /* BBDefaultManagedObjectEntityMapping.h in Headers */,
			);
			runOnlyForDeploymentPostprocessing = 0;
		};
/* End PBXHeadersBuildPhase section */

/* Begin PBXNativeTarget section */
		794535961B03C31700651F57 /* BBFrameworksiOS */ = {
			isa = PBXNativeTarget;
			buildConfigurationList = 794535AD1B03C31700651F57 /* Build configuration list for PBXNativeTarget "BBFrameworksiOS" */;
			buildPhases = (
				794535921B03C31700651F57 /* Sources */,
				794535931B03C31700651F57 /* Frameworks */,
				794535941B03C31700651F57 /* Headers */,
				794535951B03C31700651F57 /* Resources */,
			);
			buildRules = (
			);
			dependencies = (
			);
			name = BBFrameworksiOS;
			productName = BBFrameworks;
			productReference = 794535971B03C31700651F57 /* BBFrameworks.framework */;
			productType = "com.apple.product-type.framework";
		};
		794535B61B03C32800651F57 /* BBFrameworksiOSDemo */ = {
			isa = PBXNativeTarget;
			buildConfigurationList = 794535D71B03C32800651F57 /* Build configuration list for PBXNativeTarget "BBFrameworksiOSDemo" */;
			buildPhases = (
				1CA2EADECBEA5532EA7740CD /* Check Pods Manifest.lock */,
				794535B31B03C32800651F57 /* Sources */,
				794535B41B03C32800651F57 /* Frameworks */,
				794535B51B03C32800651F57 /* Resources */,
				3B3C76BAC47FAC358E22946B /* Copy Pods Resources */,
				794536521B03D9AC00651F57 /* Embed Frameworks */,
			);
			buildRules = (
			);
			dependencies = (
				794536161B03CB1200651F57 /* PBXTargetDependency */,
			);
			name = BBFrameworksiOSDemo;
			productName = BBFrameworksiOSDemo;
			productReference = 794535B71B03C32800651F57 /* BBFrameworksiOSDemo.app */;
			productType = "com.apple.product-type.application";
		};
		794535E01B03C33200651F57 /* BBFrameworksOSXDemo */ = {
			isa = PBXNativeTarget;
			buildConfigurationList = 794535FB1B03C33200651F57 /* Build configuration list for PBXNativeTarget "BBFrameworksOSXDemo" */;
			buildPhases = (
				BFEF0EA34CB5EFE000A12871 /* Check Pods Manifest.lock */,
				794535DD1B03C33200651F57 /* Sources */,
				794535DE1B03C33200651F57 /* Frameworks */,
				794535DF1B03C33200651F57 /* Resources */,
				3E87D3304B0F73645BD5D873 /* Copy Pods Resources */,
			);
			buildRules = (
			);
			dependencies = (
				794536691B03DBCB00651F57 /* PBXTargetDependency */,
			);
			name = BBFrameworksOSXDemo;
			productName = BBFrameworksOSXDemo;
			productReference = 794535E11B03C33200651F57 /* BBFrameworksOSXDemo.app */;
			productType = "com.apple.product-type.application";
		};
		794536351B03D9AC00651F57 /* BBFrameworksOSX */ = {
			isa = PBXNativeTarget;
			buildConfigurationList = 7945364F1B03D9AC00651F57 /* Build configuration list for PBXNativeTarget "BBFrameworksOSX" */;
			buildPhases = (
				794536311B03D9AC00651F57 /* Sources */,
				794536321B03D9AC00651F57 /* Frameworks */,
				794536331B03D9AC00651F57 /* Headers */,
				794536341B03D9AC00651F57 /* Resources */,
			);
			buildRules = (
			);
			dependencies = (
			);
			name = BBFrameworksOSX;
			productName = BBFrameworksOSX;
			productReference = 794536361B03D9AC00651F57 /* BBFrameworks.framework */;
			productType = "com.apple.product-type.framework";
		};
		7945363F1B03D9AC00651F57 /* BBFrameworksOSXTests */ = {
			isa = PBXNativeTarget;
			buildConfigurationList = 794536531B03D9AC00651F57 /* Build configuration list for PBXNativeTarget "BBFrameworksOSXTests" */;
			buildPhases = (
				7945363C1B03D9AC00651F57 /* Sources */,
				7945363D1B03D9AC00651F57 /* Frameworks */,
				7945363E1B03D9AC00651F57 /* Resources */,
			);
			buildRules = (
			);
			dependencies = (
				794536431B03D9AC00651F57 /* PBXTargetDependency */,
				794536451B03D9AC00651F57 /* PBXTargetDependency */,
				794536A31B05229500651F57 /* PBXTargetDependency */,
			);
			name = BBFrameworksOSXTests;
			productName = BBFrameworksOSXTests;
			productReference = 794536401B03D9AC00651F57 /* BBFrameworksOSXTests.xctest */;
			productType = "com.apple.product-type.bundle.unit-test";
		};
		794536591B03D9E000651F57 /* BBFrameworksiOSTests */ = {
			isa = PBXNativeTarget;
			buildConfigurationList = 794536631B03D9E000651F57 /* Build configuration list for PBXNativeTarget "BBFrameworksiOSTests" */;
			buildPhases = (
				794536561B03D9E000651F57 /* Sources */,
				794536571B03D9E000651F57 /* Frameworks */,
				794536581B03D9E000651F57 /* Resources */,
			);
			buildRules = (
			);
			dependencies = (
				794536621B03D9E000651F57 /* PBXTargetDependency */,
			);
			name = BBFrameworksiOSTests;
			productName = BBFrameworksiOSTests;
			productReference = 7945365A1B03D9E000651F57 /* BBFrameworksiOSTests.xctest */;
			productType = "com.apple.product-type.bundle.unit-test";
		};
/* End PBXNativeTarget section */

/* Begin PBXProject section */
		7945358E1B03C31700651F57 /* Project object */ = {
			isa = PBXProject;
			attributes = {
				CLASSPREFIX = BB;
				LastUpgradeCheck = 0630;
				ORGANIZATIONNAME = "Bion Bilateral, LLC.";
				TargetAttributes = {
					794535961B03C31700651F57 = {
						CreatedOnToolsVersion = 6.3.1;
					};
					794535B61B03C32800651F57 = {
						CreatedOnToolsVersion = 6.3.1;
					};
					794535E01B03C33200651F57 = {
						CreatedOnToolsVersion = 6.3.1;
					};
					794536351B03D9AC00651F57 = {
						CreatedOnToolsVersion = 6.3.1;
					};
					7945363F1B03D9AC00651F57 = {
						CreatedOnToolsVersion = 6.3.1;
					};
					794536591B03D9E000651F57 = {
						CreatedOnToolsVersion = 6.3.1;
					};
				};
			};
			buildConfigurationList = 794535911B03C31700651F57 /* Build configuration list for PBXProject "BBFrameworks" */;
			compatibilityVersion = "Xcode 3.2";
			developmentRegion = English;
			hasScannedForEncodings = 0;
			knownRegions = (
				en,
				Base,
			);
			mainGroup = 7945358D1B03C31700651F57;
			productRefGroup = 794535981B03C31700651F57 /* Products */;
			projectDirPath = "";
			projectRoot = "";
			targets = (
				794535961B03C31700651F57 /* BBFrameworksiOS */,
				794536591B03D9E000651F57 /* BBFrameworksiOSTests */,
				794536351B03D9AC00651F57 /* BBFrameworksOSX */,
				7945363F1B03D9AC00651F57 /* BBFrameworksOSXTests */,
				794535B61B03C32800651F57 /* BBFrameworksiOSDemo */,
				794535E01B03C33200651F57 /* BBFrameworksOSXDemo */,
			);
		};
/* End PBXProject section */

/* Begin PBXResourcesBuildPhase section */
		794535951B03C31700651F57 /* Resources */ = {
			isa = PBXResourcesBuildPhase;
			buildActionMask = 2147483647;
			files = (
			);
			runOnlyForDeploymentPostprocessing = 0;
		};
		794535B51B03C32800651F57 /* Resources */ = {
			isa = PBXResourcesBuildPhase;
			buildActionMask = 2147483647;
			files = (
				794535C51B03C32800651F57 /* Main.storyboard in Resources */,
				794535CA1B03C32800651F57 /* LaunchScreen.xib in Resources */,
				794535C71B03C32800651F57 /* Images.xcassets in Resources */,
			);
			runOnlyForDeploymentPostprocessing = 0;
		};
		794535DF1B03C33200651F57 /* Resources */ = {
			isa = PBXResourcesBuildPhase;
			buildActionMask = 2147483647;
			files = (
				794535EB1B03C33200651F57 /* Images.xcassets in Resources */,
				794535EE1B03C33200651F57 /* MainMenu.xib in Resources */,
			);
			runOnlyForDeploymentPostprocessing = 0;
		};
		794536341B03D9AC00651F57 /* Resources */ = {
			isa = PBXResourcesBuildPhase;
			buildActionMask = 2147483647;
			files = (
			);
			runOnlyForDeploymentPostprocessing = 0;
		};
		7945363E1B03D9AC00651F57 /* Resources */ = {
			isa = PBXResourcesBuildPhase;
			buildActionMask = 2147483647;
			files = (
				794536B91B0528BC00651F57 /* test.json in Resources */,
			);
			runOnlyForDeploymentPostprocessing = 0;
		};
		794536581B03D9E000651F57 /* Resources */ = {
			isa = PBXResourcesBuildPhase;
			buildActionMask = 2147483647;
			files = (
				794536B81B0528BC00651F57 /* test.json in Resources */,
			);
			runOnlyForDeploymentPostprocessing = 0;
		};
/* End PBXResourcesBuildPhase section */

/* Begin PBXShellScriptBuildPhase section */
		1CA2EADECBEA5532EA7740CD /* Check Pods Manifest.lock */ = {
			isa = PBXShellScriptBuildPhase;
			buildActionMask = 2147483647;
			files = (
			);
			inputPaths = (
			);
			name = "Check Pods Manifest.lock";
			outputPaths = (
			);
			runOnlyForDeploymentPostprocessing = 0;
			shellPath = /bin/sh;
			shellScript = "diff \"${PODS_ROOT}/../Podfile.lock\" \"${PODS_ROOT}/Manifest.lock\" > /dev/null\nif [[ $? != 0 ]] ; then\n    cat << EOM\nerror: The sandbox is not in sync with the Podfile.lock. Run 'pod install' or update your CocoaPods installation.\nEOM\n    exit 1\nfi\n";
			showEnvVarsInLog = 0;
		};
		3B3C76BAC47FAC358E22946B /* Copy Pods Resources */ = {
			isa = PBXShellScriptBuildPhase;
			buildActionMask = 2147483647;
			files = (
			);
			inputPaths = (
			);
			name = "Copy Pods Resources";
			outputPaths = (
			);
			runOnlyForDeploymentPostprocessing = 0;
			shellPath = /bin/sh;
			shellScript = "\"${SRCROOT}/Pods/Target Support Files/Pods-iOSDemo/Pods-iOSDemo-resources.sh\"\n";
			showEnvVarsInLog = 0;
		};
		3E87D3304B0F73645BD5D873 /* Copy Pods Resources */ = {
			isa = PBXShellScriptBuildPhase;
			buildActionMask = 2147483647;
			files = (
			);
			inputPaths = (
			);
			name = "Copy Pods Resources";
			outputPaths = (
			);
			runOnlyForDeploymentPostprocessing = 0;
			shellPath = /bin/sh;
			shellScript = "\"${SRCROOT}/Pods/Target Support Files/Pods-OSXDemo/Pods-OSXDemo-resources.sh\"\n";
			showEnvVarsInLog = 0;
		};
		BFEF0EA34CB5EFE000A12871 /* Check Pods Manifest.lock */ = {
			isa = PBXShellScriptBuildPhase;
			buildActionMask = 2147483647;
			files = (
			);
			inputPaths = (
			);
			name = "Check Pods Manifest.lock";
			outputPaths = (
			);
			runOnlyForDeploymentPostprocessing = 0;
			shellPath = /bin/sh;
			shellScript = "diff \"${PODS_ROOT}/../Podfile.lock\" \"${PODS_ROOT}/Manifest.lock\" > /dev/null\nif [[ $? != 0 ]] ; then\n    cat << EOM\nerror: The sandbox is not in sync with the Podfile.lock. Run 'pod install' or update your CocoaPods installation.\nEOM\n    exit 1\nfi\n";
			showEnvVarsInLog = 0;
		};
/* End PBXShellScriptBuildPhase section */

/* Begin PBXSourcesBuildPhase section */
		794535921B03C31700651F57 /* Sources */ = {
			isa = PBXSourcesBuildPhase;
			buildActionMask = 2147483647;
			files = (
				794536951B04235600651F57 /* BBDefaultManagedObjectEntityMapping.m in Sources */,
				794536711B03E10900651F57 /* NSManagedObjectContext+BBCoreDataExtensions.m in Sources */,
				7945360E1B03C5F600651F57 /* NSFileManager+BBFoundationExtensions.m in Sources */,
				794536751B03E10900651F57 /* NSManagedObjectContext+BBCoreDataImportExtensions.m in Sources */,
				794536141B03CAAE00651F57 /* NSURL+BBKitExtensions.m in Sources */,
				7945369B1B0424A900651F57 /* BBDefaultManagedObjectPropertyMapping.m in Sources */,
				7945368F1B041D0700651F57 /* BBSnakeCaseToLlamaCaseValueTransformer.m in Sources */,
			);
			runOnlyForDeploymentPostprocessing = 0;
		};
		794535B31B03C32800651F57 /* Sources */ = {
			isa = PBXSourcesBuildPhase;
			buildActionMask = 2147483647;
			files = (
				794535C21B03C32800651F57 /* ViewController.m in Sources */,
				794535BF1B03C32800651F57 /* AppDelegate.m in Sources */,
				794535BC1B03C32800651F57 /* main.m in Sources */,
			);
			runOnlyForDeploymentPostprocessing = 0;
		};
		794535DD1B03C33200651F57 /* Sources */ = {
			isa = PBXSourcesBuildPhase;
			buildActionMask = 2147483647;
			files = (
				794535E91B03C33200651F57 /* main.m in Sources */,
				794535E71B03C33200651F57 /* AppDelegate.m in Sources */,
			);
			runOnlyForDeploymentPostprocessing = 0;
		};
		794536311B03D9AC00651F57 /* Sources */ = {
			isa = PBXSourcesBuildPhase;
			buildActionMask = 2147483647;
			files = (
				794536761B03E10900651F57 /* NSManagedObjectContext+BBCoreDataImportExtensions.m in Sources */,
				794536901B041D0700651F57 /* BBSnakeCaseToLlamaCaseValueTransformer.m in Sources */,
				794536961B04235600651F57 /* BBDefaultManagedObjectEntityMapping.m in Sources */,
				7945369C1B0424A900651F57 /* BBDefaultManagedObjectPropertyMapping.m in Sources */,
				794536721B03E10900651F57 /* NSManagedObjectContext+BBCoreDataExtensions.m in Sources */,
			);
			runOnlyForDeploymentPostprocessing = 0;
		};
		7945363C1B03D9AC00651F57 /* Sources */ = {
			isa = PBXSourcesBuildPhase;
			buildActionMask = 2147483647;
			files = (
				794536B61B05246400651F57 /* BBFrameworksCoreDataImportTests.m in Sources */,
				794536A01B05215200651F57 /* Test.xcdatamodeld in Sources */,
			);
			runOnlyForDeploymentPostprocessing = 0;
		};
		794536561B03D9E000651F57 /* Sources */ = {
			isa = PBXSourcesBuildPhase;
			buildActionMask = 2147483647;
			files = (
				794536B51B05246400651F57 /* BBFrameworksCoreDataImportTests.m in Sources */,
				7945369F1B05215200651F57 /* Test.xcdatamodeld in Sources */,
			);
			runOnlyForDeploymentPostprocessing = 0;
		};
/* End PBXSourcesBuildPhase section */

/* Begin PBXTargetDependency section */
		794536161B03CB1200651F57 /* PBXTargetDependency */ = {
			isa = PBXTargetDependency;
			target = 794535961B03C31700651F57 /* BBFrameworksiOS */;
			targetProxy = 794536151B03CB1200651F57 /* PBXContainerItemProxy */;
		};
		794536431B03D9AC00651F57 /* PBXTargetDependency */ = {
			isa = PBXTargetDependency;
			target = 794536351B03D9AC00651F57 /* BBFrameworksOSX */;
			targetProxy = 794536421B03D9AC00651F57 /* PBXContainerItemProxy */;
		};
		794536451B03D9AC00651F57 /* PBXTargetDependency */ = {
			isa = PBXTargetDependency;
			target = 794535B61B03C32800651F57 /* BBFrameworksiOSDemo */;
			targetProxy = 794536441B03D9AC00651F57 /* PBXContainerItemProxy */;
		};
		794536621B03D9E000651F57 /* PBXTargetDependency */ = {
			isa = PBXTargetDependency;
			target = 794535961B03C31700651F57 /* BBFrameworksiOS */;
			targetProxy = 794536611B03D9E000651F57 /* PBXContainerItemProxy */;
		};
		794536691B03DBCB00651F57 /* PBXTargetDependency */ = {
			isa = PBXTargetDependency;
			target = 794536351B03D9AC00651F57 /* BBFrameworksOSX */;
			targetProxy = 794536681B03DBCB00651F57 /* PBXContainerItemProxy */;
		};
		794536A31B05229500651F57 /* PBXTargetDependency */ = {
			isa = PBXTargetDependency;
			target = 794535E01B03C33200651F57 /* BBFrameworksOSXDemo */;
			targetProxy = 794536A21B05229500651F57 /* PBXContainerItemProxy */;
		};
/* End PBXTargetDependency section */

/* Begin PBXVariantGroup section */
		794535C31B03C32800651F57 /* Main.storyboard */ = {
			isa = PBXVariantGroup;
			children = (
				794535C41B03C32800651F57 /* Base */,
			);
			name = Main.storyboard;
			sourceTree = "<group>";
		};
		794535C81B03C32800651F57 /* LaunchScreen.xib */ = {
			isa = PBXVariantGroup;
			children = (
				794535C91B03C32800651F57 /* Base */,
			);
			name = LaunchScreen.xib;
			sourceTree = "<group>";
		};
		794535EC1B03C33200651F57 /* MainMenu.xib */ = {
			isa = PBXVariantGroup;
			children = (
				794535ED1B03C33200651F57 /* Base */,
			);
			name = MainMenu.xib;
			sourceTree = "<group>";
		};
/* End PBXVariantGroup section */

/* Begin XCBuildConfiguration section */
		794535AB1B03C31700651F57 /* Debug */ = {
			isa = XCBuildConfiguration;
			buildSettings = {
				ALWAYS_SEARCH_USER_PATHS = NO;
				CLANG_CXX_LANGUAGE_STANDARD = "gnu++0x";
				CLANG_CXX_LIBRARY = "libc++";
				CLANG_ENABLE_MODULES = YES;
				CLANG_ENABLE_OBJC_ARC = YES;
				CLANG_WARN_BOOL_CONVERSION = YES;
				CLANG_WARN_CONSTANT_CONVERSION = YES;
				CLANG_WARN_DIRECT_OBJC_ISA_USAGE = YES_ERROR;
				CLANG_WARN_EMPTY_BODY = YES;
				CLANG_WARN_ENUM_CONVERSION = YES;
				CLANG_WARN_INT_CONVERSION = YES;
				CLANG_WARN_OBJC_ROOT_CLASS = YES_ERROR;
				CLANG_WARN_UNREACHABLE_CODE = YES;
				CLANG_WARN__DUPLICATE_METHOD_MATCH = YES;
				"CODE_SIGN_IDENTITY[sdk=iphoneos*]" = "iPhone Developer";
				COPY_PHASE_STRIP = NO;
				CURRENT_PROJECT_VERSION = 1;
				DEBUG_INFORMATION_FORMAT = "dwarf-with-dsym";
				ENABLE_STRICT_OBJC_MSGSEND = YES;
				GCC_C_LANGUAGE_STANDARD = gnu99;
				GCC_DYNAMIC_NO_PIC = NO;
				GCC_NO_COMMON_BLOCKS = YES;
				GCC_OPTIMIZATION_LEVEL = 0;
				GCC_PREPROCESSOR_DEFINITIONS = (
					"DEBUG=1",
					"$(inherited)",
				);
				GCC_SYMBOLS_PRIVATE_EXTERN = NO;
				GCC_WARN_64_TO_32_BIT_CONVERSION = YES;
				GCC_WARN_ABOUT_RETURN_TYPE = YES_ERROR;
				GCC_WARN_UNDECLARED_SELECTOR = YES;
				GCC_WARN_UNINITIALIZED_AUTOS = YES_AGGRESSIVE;
				GCC_WARN_UNUSED_FUNCTION = YES;
				GCC_WARN_UNUSED_VARIABLE = YES;
				IPHONEOS_DEPLOYMENT_TARGET = 8.3;
				MTL_ENABLE_DEBUG_INFO = YES;
				ONLY_ACTIVE_ARCH = YES;
				SDKROOT = iphoneos;
				TARGETED_DEVICE_FAMILY = "1,2";
				VERSIONING_SYSTEM = "apple-generic";
				VERSION_INFO_PREFIX = "";
			};
			name = Debug;
		};
		794535AC1B03C31700651F57 /* Release */ = {
			isa = XCBuildConfiguration;
			buildSettings = {
				ALWAYS_SEARCH_USER_PATHS = NO;
				CLANG_CXX_LANGUAGE_STANDARD = "gnu++0x";
				CLANG_CXX_LIBRARY = "libc++";
				CLANG_ENABLE_MODULES = YES;
				CLANG_ENABLE_OBJC_ARC = YES;
				CLANG_WARN_BOOL_CONVERSION = YES;
				CLANG_WARN_CONSTANT_CONVERSION = YES;
				CLANG_WARN_DIRECT_OBJC_ISA_USAGE = YES_ERROR;
				CLANG_WARN_EMPTY_BODY = YES;
				CLANG_WARN_ENUM_CONVERSION = YES;
				CLANG_WARN_INT_CONVERSION = YES;
				CLANG_WARN_OBJC_ROOT_CLASS = YES_ERROR;
				CLANG_WARN_UNREACHABLE_CODE = YES;
				CLANG_WARN__DUPLICATE_METHOD_MATCH = YES;
				"CODE_SIGN_IDENTITY[sdk=iphoneos*]" = "iPhone Developer";
				COPY_PHASE_STRIP = NO;
				CURRENT_PROJECT_VERSION = 1;
				DEBUG_INFORMATION_FORMAT = "dwarf-with-dsym";
				ENABLE_NS_ASSERTIONS = NO;
				ENABLE_STRICT_OBJC_MSGSEND = YES;
				GCC_C_LANGUAGE_STANDARD = gnu99;
				GCC_NO_COMMON_BLOCKS = YES;
				GCC_WARN_64_TO_32_BIT_CONVERSION = YES;
				GCC_WARN_ABOUT_RETURN_TYPE = YES_ERROR;
				GCC_WARN_UNDECLARED_SELECTOR = YES;
				GCC_WARN_UNINITIALIZED_AUTOS = YES_AGGRESSIVE;
				GCC_WARN_UNUSED_FUNCTION = YES;
				GCC_WARN_UNUSED_VARIABLE = YES;
				IPHONEOS_DEPLOYMENT_TARGET = 8.3;
				MTL_ENABLE_DEBUG_INFO = NO;
				SDKROOT = iphoneos;
				TARGETED_DEVICE_FAMILY = "1,2";
				VALIDATE_PRODUCT = YES;
				VERSIONING_SYSTEM = "apple-generic";
				VERSION_INFO_PREFIX = "";
			};
			name = Release;
		};
		794535AE1B03C31700651F57 /* Debug */ = {
			isa = XCBuildConfiguration;
			buildSettings = {
				DEFINES_MODULE = YES;
				DYLIB_COMPATIBILITY_VERSION = 1;
				DYLIB_CURRENT_VERSION = 1;
				DYLIB_INSTALL_NAME_BASE = "@rpath";
				GCC_TREAT_WARNINGS_AS_ERRORS = YES;
				INFOPLIST_FILE = "$(SRCROOT)/BBFrameworks/BBFrameworksiOS-Info.plist";
				INSTALL_PATH = "$(LOCAL_LIBRARY_DIR)/Frameworks";
				LD_RUNPATH_SEARCH_PATHS = "$(inherited) @executable_path/Frameworks @loader_path/Frameworks";
				PRODUCT_NAME = BBFrameworks;
				SKIP_INSTALL = YES;
			};
			name = Debug;
		};
		794535AF1B03C31700651F57 /* Release */ = {
			isa = XCBuildConfiguration;
			buildSettings = {
				DEFINES_MODULE = YES;
				DYLIB_COMPATIBILITY_VERSION = 1;
				DYLIB_CURRENT_VERSION = 1;
				DYLIB_INSTALL_NAME_BASE = "@rpath";
				GCC_TREAT_WARNINGS_AS_ERRORS = YES;
				INFOPLIST_FILE = "$(SRCROOT)/BBFrameworks/BBFrameworksiOS-Info.plist";
				INSTALL_PATH = "$(LOCAL_LIBRARY_DIR)/Frameworks";
				LD_RUNPATH_SEARCH_PATHS = "$(inherited) @executable_path/Frameworks @loader_path/Frameworks";
				PRODUCT_NAME = BBFrameworks;
				SKIP_INSTALL = YES;
			};
			name = Release;
		};
		794535D81B03C32800651F57 /* Debug */ = {
			isa = XCBuildConfiguration;
			baseConfigurationReference = 0FA56EA18661F8C74EBBF115 /* Pods-iOSDemo.debug.xcconfig */;
			buildSettings = {
				ASSETCATALOG_COMPILER_APPICON_NAME = AppIcon;
				GCC_PREPROCESSOR_DEFINITIONS = (
					"DEBUG=1",
					"$(inherited)",
				);
				INFOPLIST_FILE = BBFrameworksiOSDemo/Info.plist;
				LD_RUNPATH_SEARCH_PATHS = "$(inherited) @executable_path/Frameworks";
				PRODUCT_NAME = "$(TARGET_NAME)";
			};
			name = Debug;
		};
		794535D91B03C32800651F57 /* Release */ = {
			isa = XCBuildConfiguration;
			baseConfigurationReference = 46E6EAAFAF16877F5A1046F0 /* Pods-iOSDemo.release.xcconfig */;
			buildSettings = {
				ASSETCATALOG_COMPILER_APPICON_NAME = AppIcon;
				INFOPLIST_FILE = BBFrameworksiOSDemo/Info.plist;
				LD_RUNPATH_SEARCH_PATHS = "$(inherited) @executable_path/Frameworks";
				PRODUCT_NAME = "$(TARGET_NAME)";
			};
			name = Release;
		};
		794535FC1B03C33200651F57 /* Debug */ = {
			isa = XCBuildConfiguration;
			baseConfigurationReference = 51DB3C8ABAAE4713365480AC /* Pods-OSXDemo.debug.xcconfig */;
			buildSettings = {
				ASSETCATALOG_COMPILER_APPICON_NAME = AppIcon;
				CODE_SIGN_IDENTITY = "-";
				COMBINE_HIDPI_IMAGES = YES;
				DEBUG_INFORMATION_FORMAT = dwarf;
				GCC_PREPROCESSOR_DEFINITIONS = (
					"DEBUG=1",
					"$(inherited)",
				);
				INFOPLIST_FILE = BBFrameworksOSXDemo/Info.plist;
				LD_RUNPATH_SEARCH_PATHS = "$(inherited) @executable_path/../Frameworks";
				MACOSX_DEPLOYMENT_TARGET = 10.10;
				PRODUCT_NAME = "$(TARGET_NAME)";
				SDKROOT = macosx;
			};
			name = Debug;
		};
		794535FD1B03C33200651F57 /* Release */ = {
			isa = XCBuildConfiguration;
			baseConfigurationReference = 8BDC20F7D1B0AF197AF22F17 /* Pods-OSXDemo.release.xcconfig */;
			buildSettings = {
				ASSETCATALOG_COMPILER_APPICON_NAME = AppIcon;
				CODE_SIGN_IDENTITY = "-";
				COMBINE_HIDPI_IMAGES = YES;
				INFOPLIST_FILE = BBFrameworksOSXDemo/Info.plist;
				LD_RUNPATH_SEARCH_PATHS = "$(inherited) @executable_path/../Frameworks";
				MACOSX_DEPLOYMENT_TARGET = 10.10;
				PRODUCT_NAME = "$(TARGET_NAME)";
				SDKROOT = macosx;
			};
			name = Release;
		};
		794536501B03D9AC00651F57 /* Debug */ = {
			isa = XCBuildConfiguration;
			buildSettings = {
				COMBINE_HIDPI_IMAGES = YES;
				DEBUG_INFORMATION_FORMAT = dwarf;
				DEFINES_MODULE = YES;
				DYLIB_COMPATIBILITY_VERSION = 1;
				DYLIB_CURRENT_VERSION = 1;
				DYLIB_INSTALL_NAME_BASE = "@rpath";
				FRAMEWORK_VERSION = A;
				GCC_PREPROCESSOR_DEFINITIONS = (
					"DEBUG=1",
					"$(inherited)",
				);
				GCC_TREAT_WARNINGS_AS_ERRORS = YES;
				INFOPLIST_FILE = "$(SRCROOT)/BBFrameworks/BBFrameworksOSX-Info.plist";
				INSTALL_PATH = "$(LOCAL_LIBRARY_DIR)/Frameworks";
				LD_RUNPATH_SEARCH_PATHS = "$(inherited) @executable_path/../Frameworks @loader_path/Frameworks";
				MACOSX_DEPLOYMENT_TARGET = 10.10;
				PRODUCT_NAME = BBFrameworks;
				SDKROOT = macosx;
				SKIP_INSTALL = YES;
			};
			name = Debug;
		};
		794536511B03D9AC00651F57 /* Release */ = {
			isa = XCBuildConfiguration;
			buildSettings = {
				COMBINE_HIDPI_IMAGES = YES;
				DEFINES_MODULE = YES;
				DYLIB_COMPATIBILITY_VERSION = 1;
				DYLIB_CURRENT_VERSION = 1;
				DYLIB_INSTALL_NAME_BASE = "@rpath";
				FRAMEWORK_VERSION = A;
				GCC_TREAT_WARNINGS_AS_ERRORS = YES;
				INFOPLIST_FILE = "$(SRCROOT)/BBFrameworks/BBFrameworksOSX-Info.plist";
				INSTALL_PATH = "$(LOCAL_LIBRARY_DIR)/Frameworks";
				LD_RUNPATH_SEARCH_PATHS = "$(inherited) @executable_path/../Frameworks @loader_path/Frameworks";
				MACOSX_DEPLOYMENT_TARGET = 10.10;
				PRODUCT_NAME = BBFrameworks;
				SDKROOT = macosx;
				SKIP_INSTALL = YES;
			};
			name = Release;
		};
		794536541B03D9AC00651F57 /* Debug */ = {
			isa = XCBuildConfiguration;
			buildSettings = {
				COMBINE_HIDPI_IMAGES = YES;
				DEBUG_INFORMATION_FORMAT = dwarf;
				FRAMEWORK_SEARCH_PATHS = (
					"$(DEVELOPER_FRAMEWORKS_DIR)",
					"$(inherited)",
				);
				GCC_PREPROCESSOR_DEFINITIONS = (
					"DEBUG=1",
					"$(inherited)",
				);
				INFOPLIST_FILE = "BBFrameworksTests/BBFrameworksOSXTests-Info.plist";
				LD_RUNPATH_SEARCH_PATHS = "$(inherited) @executable_path/../Frameworks @loader_path/../Frameworks";
				MACOSX_DEPLOYMENT_TARGET = 10.10;
				PRODUCT_NAME = "$(TARGET_NAME)";
				SDKROOT = macosx;
			};
			name = Debug;
		};
		794536551B03D9AC00651F57 /* Release */ = {
			isa = XCBuildConfiguration;
			buildSettings = {
				COMBINE_HIDPI_IMAGES = YES;
				FRAMEWORK_SEARCH_PATHS = (
					"$(DEVELOPER_FRAMEWORKS_DIR)",
					"$(inherited)",
				);
				INFOPLIST_FILE = "BBFrameworksTests/BBFrameworksOSXTests-Info.plist";
				LD_RUNPATH_SEARCH_PATHS = "$(inherited) @executable_path/../Frameworks @loader_path/../Frameworks";
				MACOSX_DEPLOYMENT_TARGET = 10.10;
				PRODUCT_NAME = "$(TARGET_NAME)";
				SDKROOT = macosx;
			};
			name = Release;
		};
		794536641B03D9E000651F57 /* Debug */ = {
			isa = XCBuildConfiguration;
			buildSettings = {
				FRAMEWORK_SEARCH_PATHS = (
					"$(SDKROOT)/Developer/Library/Frameworks",
					"$(inherited)",
				);
				GCC_PREPROCESSOR_DEFINITIONS = (
					"DEBUG=1",
					"$(inherited)",
				);
				INFOPLIST_FILE = "BBFrameworksTests/BBFrameworksiOSTests-Info.plist";
				LD_RUNPATH_SEARCH_PATHS = "$(inherited) @executable_path/Frameworks @loader_path/Frameworks";
				PRODUCT_NAME = "$(TARGET_NAME)";
			};
			name = Debug;
		};
		794536651B03D9E000651F57 /* Release */ = {
			isa = XCBuildConfiguration;
			buildSettings = {
				FRAMEWORK_SEARCH_PATHS = (
					"$(SDKROOT)/Developer/Library/Frameworks",
					"$(inherited)",
				);
				INFOPLIST_FILE = "BBFrameworksTests/BBFrameworksiOSTests-Info.plist";
				LD_RUNPATH_SEARCH_PATHS = "$(inherited) @executable_path/Frameworks @loader_path/Frameworks";
				PRODUCT_NAME = "$(TARGET_NAME)";
			};
			name = Release;
		};
/* End XCBuildConfiguration section */

/* Begin XCConfigurationList section */
		794535911B03C31700651F57 /* Build configuration list for PBXProject "BBFrameworks" */ = {
			isa = XCConfigurationList;
			buildConfigurations = (
				794535AB1B03C31700651F57 /* Debug */,
				794535AC1B03C31700651F57 /* Release */,
			);
			defaultConfigurationIsVisible = 0;
			defaultConfigurationName = Release;
		};
		794535AD1B03C31700651F57 /* Build configuration list for PBXNativeTarget "BBFrameworksiOS" */ = {
			isa = XCConfigurationList;
			buildConfigurations = (
				794535AE1B03C31700651F57 /* Debug */,
				794535AF1B03C31700651F57 /* Release */,
			);
			defaultConfigurationIsVisible = 0;
			defaultConfigurationName = Release;
		};
		794535D71B03C32800651F57 /* Build configuration list for PBXNativeTarget "BBFrameworksiOSDemo" */ = {
			isa = XCConfigurationList;
			buildConfigurations = (
				794535D81B03C32800651F57 /* Debug */,
				794535D91B03C32800651F57 /* Release */,
			);
			defaultConfigurationIsVisible = 0;
			defaultConfigurationName = Release;
		};
		794535FB1B03C33200651F57 /* Build configuration list for PBXNativeTarget "BBFrameworksOSXDemo" */ = {
			isa = XCConfigurationList;
			buildConfigurations = (
				794535FC1B03C33200651F57 /* Debug */,
				794535FD1B03C33200651F57 /* Release */,
			);
			defaultConfigurationIsVisible = 0;
			defaultConfigurationName = Release;
		};
		7945364F1B03D9AC00651F57 /* Build configuration list for PBXNativeTarget "BBFrameworksOSX" */ = {
			isa = XCConfigurationList;
			buildConfigurations = (
				794536501B03D9AC00651F57 /* Debug */,
				794536511B03D9AC00651F57 /* Release */,
			);
			defaultConfigurationIsVisible = 0;
		};
		794536531B03D9AC00651F57 /* Build configuration list for PBXNativeTarget "BBFrameworksOSXTests" */ = {
			isa = XCConfigurationList;
			buildConfigurations = (
				794536541B03D9AC00651F57 /* Debug */,
				794536551B03D9AC00651F57 /* Release */,
			);
			defaultConfigurationIsVisible = 0;
		};
		794536631B03D9E000651F57 /* Build configuration list for PBXNativeTarget "BBFrameworksiOSTests" */ = {
			isa = XCConfigurationList;
			buildConfigurations = (
				794536641B03D9E000651F57 /* Debug */,
				794536651B03D9E000651F57 /* Release */,
			);
			defaultConfigurationIsVisible = 0;
		};
/* End XCConfigurationList section */

/* Begin XCVersionGroup section */
		7945369D1B05215200651F57 /* Test.xcdatamodeld */ = {
			isa = XCVersionGroup;
			children = (
				7945369E1B05215200651F57 /* Test.xcdatamodel */,
			);
			currentVersion = 7945369E1B05215200651F57 /* Test.xcdatamodel */;
			path = Test.xcdatamodeld;
			sourceTree = "<group>";
			versionGroupType = wrapper.xcdatamodel;
		};
/* End XCVersionGroup section */
	};
	rootObject = 7945358E1B03C31700651F57 /* Project object */;
}
